PODS:
  - GoogleMaps (1.13.2)
  - IGListKit (3.0.0):
    - IGListKit/Default (= 3.0.0)
  - IGListKit/Default (3.0.0):
    - IGListKit/Diffing
  - IGListKit/Diffing (3.0.0)

DEPENDENCIES:
  - GoogleMaps
  - IGListKit (from `https://github.com/Instagram/IGListKit.git`, branch `master`)

EXTERNAL SOURCES:
  IGListKit:
    :branch: master
    :git: https://github.com/Instagram/IGListKit.git

CHECKOUT OPTIONS:
  IGListKit:
    :commit: aacb369c10efd19342fda1fb5a54f204c4960ddd
    :git: https://github.com/Instagram/IGListKit.git

SPEC CHECKSUMS:
  GoogleMaps: b20a103ff307f58392e603cf142e59d7e30374c1
  IGListKit: 9eab6856a15fa25ad72018ff9d9eb2178c240fff

PODFILE CHECKSUM: 9296c383c147c5528846dfe27674f480f193bc25

COCOAPODS: 1.2.1
